// !$*UTF8*$!
{
	archiveVersion = 1;
	classes = {
	};
	objectVersion = 56;
	objects = {

/* Begin PBXBuildFile section */
		BD06C78728FC935E00E65440 /* Theme.swift in Sources */ = {isa = PBXBuildFile; fileRef = BD06C78628FC935E00E65440 /* Theme.swift */; };
		BD06C78928FDA02A00E65440 /* DailyScrum.swift in Sources */ = {isa = PBXBuildFile; fileRef = BD06C78828FDA02A00E65440 /* DailyScrum.swift */; };
		BD06C78B28FDA20B00E65440 /* CardView.swift in Sources */ = {isa = PBXBuildFile; fileRef = BD06C78A28FDA20B00E65440 /* CardView.swift */; };
		BD06C78D28FDA4C600E65440 /* TrailingIconLabelStyle.swift in Sources */ = {isa = PBXBuildFile; fileRef = BD06C78C28FDA4C600E65440 /* TrailingIconLabelStyle.swift */; };
		BD06C78F28FECCDC00E65440 /* ScrumsView.swift in Sources */ = {isa = PBXBuildFile; fileRef = BD06C78E28FECCDC00E65440 /* ScrumsView.swift */; };
		BD06C79128FED5FA00E65440 /* DetailView.swift in Sources */ = {isa = PBXBuildFile; fileRef = BD06C79028FED5FA00E65440 /* DetailView.swift */; };
		BD06C79328FF289A00E65440 /* DetailEditView.swift in Sources */ = {isa = PBXBuildFile; fileRef = BD06C79228FF289A00E65440 /* DetailEditView.swift */; };
		BD06C79528FF44E600E65440 /* ThemeView.swift in Sources */ = {isa = PBXBuildFile; fileRef = BD06C79428FF44E600E65440 /* ThemeView.swift */; };
		BD06C79728FF477A00E65440 /* ThemePicker.swift in Sources */ = {isa = PBXBuildFile; fileRef = BD06C79628FF477A00E65440 /* ThemePicker.swift */; };
		BD568476290732F7005C4492 /* MeetingFooterView.swift in Sources */ = {isa = PBXBuildFile; fileRef = BD568475290732F7005C4492 /* MeetingFooterView.swift */; };
		BD7B994F2904590C0040E250 /* MeetingHeaderView.swift in Sources */ = {isa = PBXBuildFile; fileRef = BD7B994E2904590C0040E250 /* MeetingHeaderView.swift */; };
		BD880D812904639D00F802F3 /* ScrumProgressViewStyle.swift in Sources */ = {isa = PBXBuildFile; fileRef = BD880D802904639D00F802F3 /* ScrumProgressViewStyle.swift */; };
		BD880D83290466E200F802F3 /* ScrumTimer.swift in Sources */ = {isa = PBXBuildFile; fileRef = BD880D82290466E200F802F3 /* ScrumTimer.swift */; };
		BD8A73F72922861E0026D6D1 /* History.swift in Sources */ = {isa = PBXBuildFile; fileRef = BD8A73F62922861E0026D6D1 /* History.swift */; };
		BD8A73F92922CB160026D6D1 /* ScrumStore.swift in Sources */ = {isa = PBXBuildFile; fileRef = BD8A73F82922CB160026D6D1 /* ScrumStore.swift */; };
		BD8A73FB292680330026D6D1 /* ErrorWrapper.swift in Sources */ = {isa = PBXBuildFile; fileRef = BD8A73FA292680330026D6D1 /* ErrorWrapper.swift */; };
		BD8A73FD292681CD0026D6D1 /* ErrorView.swift in Sources */ = {isa = PBXBuildFile; fileRef = BD8A73FC292681CD0026D6D1 /* ErrorView.swift */; };
		BD8A73FF2928105B0026D6D1 /* MeetingTimerView.swift in Sources */ = {isa = PBXBuildFile; fileRef = BD8A73FE2928105B0026D6D1 /* MeetingTimerView.swift */; };
		BD91BDCA29074CAB00EC0722 /* ding.wav in Resources */ = {isa = PBXBuildFile; fileRef = BD91BDC929074CAB00EC0722 /* ding.wav */; };
		BD91BDCC29074CEF00EC0722 /* AVPlayer+Ding.swift in Sources */ = {isa = PBXBuildFile; fileRef = BD91BDCB29074CEF00EC0722 /* AVPlayer+Ding.swift */; };
		BDA0AC4F28FB15AB000F4106 /* ScrumdingerApp.swift in Sources */ = {isa = PBXBuildFile; fileRef = BDA0AC4E28FB15AB000F4106 /* ScrumdingerApp.swift */; };
		BDA0AC5128FB15AB000F4106 /* MeetingView.swift in Sources */ = {isa = PBXBuildFile; fileRef = BDA0AC5028FB15AB000F4106 /* MeetingView.swift */; };
		BDA0AC5328FB15AF000F4106 /* Assets.xcassets in Resources */ = {isa = PBXBuildFile; fileRef = BDA0AC5228FB15AF000F4106 /* Assets.xcassets */; };
		BDA0AC5628FB15AF000F4106 /* Preview Assets.xcassets in Resources */ = {isa = PBXBuildFile; fileRef = BDA0AC5528FB15AF000F4106 /* Preview Assets.xcassets */; };
/* End PBXBuildFile section */

/* Begin PBXFileReference section */
		BD06C78628FC935E00E65440 /* Theme.swift */ = {isa = PBXFileReference; lastKnownFileType = sourcecode.swift; path = Theme.swift; sourceTree = "<group>"; };
		BD06C78828FDA02A00E65440 /* DailyScrum.swift */ = {isa = PBXFileReference; lastKnownFileType = sourcecode.swift; path = DailyScrum.swift; sourceTree = "<group>"; };
		BD06C78A28FDA20B00E65440 /* CardView.swift */ = {isa = PBXFileReference; lastKnownFileType = sourcecode.swift; path = CardView.swift; sourceTree = "<group>"; };
		BD06C78C28FDA4C600E65440 /* TrailingIconLabelStyle.swift */ = {isa = PBXFileReference; lastKnownFileType = sourcecode.swift; path = TrailingIconLabelStyle.swift; sourceTree = "<group>"; };
		BD06C78E28FECCDC00E65440 /* ScrumsView.swift */ = {isa = PBXFileReference; lastKnownFileType = sourcecode.swift; path = ScrumsView.swift; sourceTree = "<group>"; };
		BD06C79028FED5FA00E65440 /* DetailView.swift */ = {isa = PBXFileReference; lastKnownFileType = sourcecode.swift; path = DetailView.swift; sourceTree = "<group>"; };
		BD06C79228FF289A00E65440 /* DetailEditView.swift */ = {isa = PBXFileReference; lastKnownFileType = sourcecode.swift; path = DetailEditView.swift; sourceTree = "<group>"; };
		BD06C79428FF44E600E65440 /* ThemeView.swift */ = {isa = PBXFileReference; lastKnownFileType = sourcecode.swift; path = ThemeView.swift; sourceTree = "<group>"; };
		BD06C79628FF477A00E65440 /* ThemePicker.swift */ = {isa = PBXFileReference; lastKnownFileType = sourcecode.swift; path = ThemePicker.swift; sourceTree = "<group>"; };
		BD568475290732F7005C4492 /* MeetingFooterView.swift */ = {isa = PBXFileReference; lastKnownFileType = sourcecode.swift; path = MeetingFooterView.swift; sourceTree = "<group>"; };
		BD7B994E2904590C0040E250 /* MeetingHeaderView.swift */ = {isa = PBXFileReference; lastKnownFileType = sourcecode.swift; path = MeetingHeaderView.swift; sourceTree = "<group>"; };
		BD880D802904639D00F802F3 /* ScrumProgressViewStyle.swift */ = {isa = PBXFileReference; lastKnownFileType = sourcecode.swift; path = ScrumProgressViewStyle.swift; sourceTree = "<group>"; };
		BD880D82290466E200F802F3 /* ScrumTimer.swift */ = {isa = PBXFileReference; lastKnownFileType = sourcecode.swift; path = ScrumTimer.swift; sourceTree = "<group>"; };
		BD8A73F62922861E0026D6D1 /* History.swift */ = {isa = PBXFileReference; lastKnownFileType = sourcecode.swift; path = History.swift; sourceTree = "<group>"; };
		BD8A73F82922CB160026D6D1 /* ScrumStore.swift */ = {isa = PBXFileReference; lastKnownFileType = sourcecode.swift; path = ScrumStore.swift; sourceTree = "<group>"; };
		BD8A73FA292680330026D6D1 /* ErrorWrapper.swift */ = {isa = PBXFileReference; lastKnownFileType = sourcecode.swift; path = ErrorWrapper.swift; sourceTree = "<group>"; };
		BD8A73FC292681CD0026D6D1 /* ErrorView.swift */ = {isa = PBXFileReference; lastKnownFileType = sourcecode.swift; path = ErrorView.swift; sourceTree = "<group>"; };
		BD8A73FE2928105B0026D6D1 /* MeetingTimerView.swift */ = {isa = PBXFileReference; lastKnownFileType = sourcecode.swift; path = MeetingTimerView.swift; sourceTree = "<group>"; };
		BD91BDC929074CAB00EC0722 /* ding.wav */ = {isa = PBXFileReference; lastKnownFileType = audio.wav; path = ding.wav; sourceTree = "<group>"; };
		BD91BDCB29074CEF00EC0722 /* AVPlayer+Ding.swift */ = {isa = PBXFileReference; lastKnownFileType = sourcecode.swift; path = "AVPlayer+Ding.swift"; sourceTree = "<group>"; };
		BDA0AC4B28FB15AB000F4106 /* Scrumdinger.app */ = {isa = PBXFileReference; explicitFileType = wrapper.application; includeInIndex = 0; path = Scrumdinger.app; sourceTree = BUILT_PRODUCTS_DIR; };
		BDA0AC4E28FB15AB000F4106 /* ScrumdingerApp.swift */ = {isa = PBXFileReference; lastKnownFileType = sourcecode.swift; path = ScrumdingerApp.swift; sourceTree = "<group>"; };
		BDA0AC5028FB15AB000F4106 /* MeetingView.swift */ = {isa = PBXFileReference; lastKnownFileType = sourcecode.swift; path = MeetingView.swift; sourceTree = "<group>"; };
		BDA0AC5228FB15AF000F4106 /* Assets.xcassets */ = {isa = PBXFileReference; lastKnownFileType = folder.assetcatalog; path = Assets.xcassets; sourceTree = "<group>"; };
		BDA0AC5528FB15AF000F4106 /* Preview Assets.xcassets */ = {isa = PBXFileReference; lastKnownFileType = folder.assetcatalog; path = "Preview Assets.xcassets"; sourceTree = "<group>"; };
		BDA0AC5C28FB161E000F4106 /* README.md */ = {isa = PBXFileReference; lastKnownFileType = net.daringfireball.markdown; path = README.md; sourceTree = "<group>"; };
/* End PBXFileReference section */

/* Begin PBXFrameworksBuildPhase section */
		BDA0AC4828FB15AB000F4106 /* Frameworks */ = {
			isa = PBXFrameworksBuildPhase;
			buildActionMask = 2147483647;
			files = (
			);
			runOnlyForDeploymentPostprocessing = 0;
		};
/* End PBXFrameworksBuildPhase section */

/* Begin PBXGroup section */
		BD06C78528FC934F00E65440 /* Models */ = {
			isa = PBXGroup;
			children = (
				BD06C78628FC935E00E65440 /* Theme.swift */,
				BD8A73F62922861E0026D6D1 /* History.swift */,
				BD06C78828FDA02A00E65440 /* DailyScrum.swift */,
				BD880D82290466E200F802F3 /* ScrumTimer.swift */,
				BD91BDCB29074CEF00EC0722 /* AVPlayer+Ding.swift */,
				BD8A73F82922CB160026D6D1 /* ScrumStore.swift */,
				BD8A73FA292680330026D6D1 /* ErrorWrapper.swift */,
			);
			path = Models;
			sourceTree = "<group>";
		};
		BD91BDC829074CAB00EC0722 /* Resources */ = {
			isa = PBXGroup;
			children = (
				BD91BDC929074CAB00EC0722 /* ding.wav */,
			);
			path = Resources;
			sourceTree = "<group>";
		};
		BDA0AC4228FB15AB000F4106 = {
			isa = PBXGroup;
			children = (
				BDA0AC5C28FB161E000F4106 /* README.md */,
				BDA0AC4D28FB15AB000F4106 /* Scrumdinger */,
				BDA0AC4C28FB15AB000F4106 /* Products */,
			);
			sourceTree = "<group>";
		};
		BDA0AC4C28FB15AB000F4106 /* Products */ = {
			isa = PBXGroup;
			children = (
				BDA0AC4B28FB15AB000F4106 /* Scrumdinger.app */,
			);
			name = Products;
			sourceTree = "<group>";
		};
		BDA0AC4D28FB15AB000F4106 /* Scrumdinger */ = {
			isa = PBXGroup;
			children = (
				BDA0AC5428FB15AF000F4106 /* Preview Content */,
				BDA0AC5228FB15AF000F4106 /* Assets.xcassets */,
				BD06C78528FC934F00E65440 /* Models */,
				BD91BDC829074CAB00EC0722 /* Resources */,
				BDA0AC4E28FB15AB000F4106 /* ScrumdingerApp.swift */,
				BD06C78E28FECCDC00E65440 /* ScrumsView.swift */,
				BD06C78A28FDA20B00E65440 /* CardView.swift */,
				BDA0AC5028FB15AB000F4106 /* MeetingView.swift */,
				BD7B994E2904590C0040E250 /* MeetingHeaderView.swift */,
				BD880D802904639D00F802F3 /* ScrumProgressViewStyle.swift */,
				BD8A73FE2928105B0026D6D1 /* MeetingTimerView.swift */,
				BD568475290732F7005C4492 /* MeetingFooterView.swift */,
				BD06C78C28FDA4C600E65440 /* TrailingIconLabelStyle.swift */,
				BD06C79028FED5FA00E65440 /* DetailView.swift */,
				BD06C79228FF289A00E65440 /* DetailEditView.swift */,
				BD06C79428FF44E600E65440 /* ThemeView.swift */,
				BD06C79628FF477A00E65440 /* ThemePicker.swift */,
				BD8A73FC292681CD0026D6D1 /* ErrorView.swift */,
			);
			path = Scrumdinger;
			sourceTree = "<group>";
		};
		BDA0AC5428FB15AF000F4106 /* Preview Content */ = {
			isa = PBXGroup;
			children = (
				BDA0AC5528FB15AF000F4106 /* Preview Assets.xcassets */,
			);
			path = "Preview Content";
			sourceTree = "<group>";
		};
/* End PBXGroup section */

/* Begin PBXNativeTarget section */
		BDA0AC4A28FB15AB000F4106 /* Scrumdinger */ = {
			isa = PBXNativeTarget;
			buildConfigurationList = BDA0AC5928FB15AF000F4106 /* Build configuration list for PBXNativeTarget "Scrumdinger" */;
			buildPhases = (
				BDA0AC4728FB15AB000F4106 /* Sources */,
				BDA0AC4828FB15AB000F4106 /* Frameworks */,
				BDA0AC4928FB15AB000F4106 /* Resources */,
			);
			buildRules = (
			);
			dependencies = (
			);
			name = Scrumdinger;
			productName = Scrumdinger;
			productReference = BDA0AC4B28FB15AB000F4106 /* Scrumdinger.app */;
			productType = "com.apple.product-type.application";
		};
/* End PBXNativeTarget section */

/* Begin PBXProject section */
		BDA0AC4328FB15AB000F4106 /* Project object */ = {
			isa = PBXProject;
			attributes = {
				BuildIndependentTargetsInParallel = 1;
				LastSwiftUpdateCheck = 1400;
				LastUpgradeCheck = 1400;
				TargetAttributes = {
					BDA0AC4A28FB15AB000F4106 = {
						CreatedOnToolsVersion = 14.0.1;
					};
				};
			};
			buildConfigurationList = BDA0AC4628FB15AB000F4106 /* Build configuration list for PBXProject "Scrumdinger" */;
			compatibilityVersion = "Xcode 14.0";
			developmentRegion = en;
			hasScannedForEncodings = 0;
			knownRegions = (
				en,
				Base,
			);
			mainGroup = BDA0AC4228FB15AB000F4106;
			productRefGroup = BDA0AC4C28FB15AB000F4106 /* Products */;
			projectDirPath = "";
			projectRoot = "";
			targets = (
				BDA0AC4A28FB15AB000F4106 /* Scrumdinger */,
			);
		};
/* End PBXProject section */

/* Begin PBXResourcesBuildPhase section */
		BDA0AC4928FB15AB000F4106 /* Resources */ = {
			isa = PBXResourcesBuildPhase;
			buildActionMask = 2147483647;
			files = (
				BD91BDCA29074CAB00EC0722 /* ding.wav in Resources */,
				BDA0AC5628FB15AF000F4106 /* Preview Assets.xcassets in Resources */,
				BDA0AC5328FB15AF000F4106 /* Assets.xcassets in Resources */,
			);
			runOnlyForDeploymentPostprocessing = 0;
		};
/* End PBXResourcesBuildPhase section */

/* Begin PBXSourcesBuildPhase section */
		BDA0AC4728FB15AB000F4106 /* Sources */ = {
			isa = PBXSourcesBuildPhase;
			buildActionMask = 2147483647;
			files = (
				BD8A73F72922861E0026D6D1 /* History.swift in Sources */,
				BD06C79728FF477A00E65440 /* ThemePicker.swift in Sources */,
				BD880D812904639D00F802F3 /* ScrumProgressViewStyle.swift in Sources */,
				BD568476290732F7005C4492 /* MeetingFooterView.swift in Sources */,
				BD8A73F92922CB160026D6D1 /* ScrumStore.swift in Sources */,
				BD880D83290466E200F802F3 /* ScrumTimer.swift in Sources */,
				BD06C78928FDA02A00E65440 /* DailyScrum.swift in Sources */,
				BD06C79128FED5FA00E65440 /* DetailView.swift in Sources */,
				BD7B994F2904590C0040E250 /* MeetingHeaderView.swift in Sources */,
				BD8A73FF2928105B0026D6D1 /* MeetingTimerView.swift in Sources */,
				BD06C79328FF289A00E65440 /* DetailEditView.swift in Sources */,
				BD8A73FB292680330026D6D1 /* ErrorWrapper.swift in Sources */,
				BD06C78D28FDA4C600E65440 /* TrailingIconLabelStyle.swift in Sources */,
				BD06C78728FC935E00E65440 /* Theme.swift in Sources */,
				BD06C78F28FECCDC00E65440 /* ScrumsView.swift in Sources */,
				BDA0AC5128FB15AB000F4106 /* MeetingView.swift in Sources */,
				BD8A73FD292681CD0026D6D1 /* ErrorView.swift in Sources */,
				BDA0AC4F28FB15AB000F4106 /* ScrumdingerApp.swift in Sources */,
				BD06C79528FF44E600E65440 /* ThemeView.swift in Sources */,
				BD06C78B28FDA20B00E65440 /* CardView.swift in Sources */,
				BD91BDCC29074CEF00EC0722 /* AVPlayer+Ding.swift in Sources */,
			);
			runOnlyForDeploymentPostprocessing = 0;
		};
/* End PBXSourcesBuildPhase section */

/* Begin XCBuildConfiguration section */
		BDA0AC5728FB15AF000F4106 /* Debug */ = {
			isa = XCBuildConfiguration;
			buildSettings = {
				ALWAYS_SEARCH_USER_PATHS = NO;
				CLANG_ANALYZER_NONNULL = YES;
				CLANG_ANALYZER_NUMBER_OBJECT_CONVERSION = YES_AGGRESSIVE;
				CLANG_CXX_LANGUAGE_STANDARD = "gnu++20";
				CLANG_ENABLE_MODULES = YES;
				CLANG_ENABLE_OBJC_ARC = YES;
				CLANG_ENABLE_OBJC_WEAK = YES;
				CLANG_WARN_BLOCK_CAPTURE_AUTORELEASING = YES;
				CLANG_WARN_BOOL_CONVERSION = YES;
				CLANG_WARN_COMMA = YES;
				CLANG_WARN_CONSTANT_CONVERSION = YES;
				CLANG_WARN_DEPRECATED_OBJC_IMPLEMENTATIONS = YES;
				CLANG_WARN_DIRECT_OBJC_ISA_USAGE = YES_ERROR;
				CLANG_WARN_DOCUMENTATION_COMMENTS = YES;
				CLANG_WARN_EMPTY_BODY = YES;
				CLANG_WARN_ENUM_CONVERSION = YES;
				CLANG_WARN_INFINITE_RECURSION = YES;
				CLANG_WARN_INT_CONVERSION = YES;
				CLANG_WARN_NON_LITERAL_NULL_CONVERSION = YES;
				CLANG_WARN_OBJC_IMPLICIT_RETAIN_SELF = YES;
				CLANG_WARN_OBJC_LITERAL_CONVERSION = YES;
				CLANG_WARN_OBJC_ROOT_CLASS = YES_ERROR;
				CLANG_WARN_QUOTED_INCLUDE_IN_FRAMEWORK_HEADER = YES;
				CLANG_WARN_RANGE_LOOP_ANALYSIS = YES;
				CLANG_WARN_STRICT_PROTOTYPES = YES;
				CLANG_WARN_SUSPICIOUS_MOVE = YES;
				CLANG_WARN_UNGUARDED_AVAILABILITY = YES_AGGRESSIVE;
				CLANG_WARN_UNREACHABLE_CODE = YES;
				CLANG_WARN__DUPLICATE_METHOD_MATCH = YES;
				COPY_PHASE_STRIP = NO;
				DEBUG_INFORMATION_FORMAT = dwarf;
				ENABLE_STRICT_OBJC_MSGSEND = YES;
				ENABLE_TESTABILITY = YES;
				GCC_C_LANGUAGE_STANDARD = gnu11;
				GCC_DYNAMIC_NO_PIC = NO;
				GCC_NO_COMMON_BLOCKS = YES;
				GCC_OPTIMIZATION_LEVEL = 0;
				GCC_PREPROCESSOR_DEFINITIONS = (
					"DEBUG=1",
					"$(inherited)",
				);
				GCC_WARN_64_TO_32_BIT_CONVERSION = YES;
				GCC_WARN_ABOUT_RETURN_TYPE = YES_ERROR;
				GCC_WARN_UNDECLARED_SELECTOR = YES;
				GCC_WARN_UNINITIALIZED_AUTOS = YES_AGGRESSIVE;
				GCC_WARN_UNUSED_FUNCTION = YES;
				GCC_WARN_UNUSED_VARIABLE = YES;
				IPHONEOS_DEPLOYMENT_TARGET = 16.0;
				MTL_ENABLE_DEBUG_INFO = INCLUDE_SOURCE;
				MTL_FAST_MATH = YES;
				ONLY_ACTIVE_ARCH = YES;
				SDKROOT = iphoneos;
				SWIFT_ACTIVE_COMPILATION_CONDITIONS = DEBUG;
				SWIFT_OPTIMIZATION_LEVEL = "-Onone";
			};
			name = Debug;
		};
		BDA0AC5828FB15AF000F4106 /* Release */ = {
			isa = XCBuildConfiguration;
			buildSettings = {
				ALWAYS_SEARCH_USER_PATHS = NO;
				CLANG_ANALYZER_NONNULL = YES;
				CLANG_ANALYZER_NUMBER_OBJECT_CONVERSION = YES_AGGRESSIVE;
				CLANG_CXX_LANGUAGE_STANDARD = "gnu++20";
				CLANG_ENABLE_MODULES = YES;
				CLANG_ENABLE_OBJC_ARC = YES;
				CLANG_ENABLE_OBJC_WEAK = YES;
				CLANG_WARN_BLOCK_CAPTURE_AUTORELEASING = YES;
				CLANG_WARN_BOOL_CONVERSION = YES;
				CLANG_WARN_COMMA = YES;
				CLANG_WARN_CONSTANT_CONVERSION = YES;
				CLANG_WARN_DEPRECATED_OBJC_IMPLEMENTATIONS = YES;
				CLANG_WARN_DIRECT_OBJC_ISA_USAGE = YES_ERROR;
				CLANG_WARN_DOCUMENTATION_COMMENTS = YES;
				CLANG_WARN_EMPTY_BODY = YES;
				CLANG_WARN_ENUM_CONVERSION = YES;
				CLANG_WARN_INFINITE_RECURSION = YES;
				CLANG_WARN_INT_CONVERSION = YES;
				CLANG_WARN_NON_LITERAL_NULL_CONVERSION = YES;
				CLANG_WARN_OBJC_IMPLICIT_RETAIN_SELF = YES;
				CLANG_WARN_OBJC_LITERAL_CONVERSION = YES;
				CLANG_WARN_OBJC_ROOT_CLASS = YES_ERROR;
				CLANG_WARN_QUOTED_INCLUDE_IN_FRAMEWORK_HEADER = YES;
				CLANG_WARN_RANGE_LOOP_ANALYSIS = YES;
				CLANG_WARN_STRICT_PROTOTYPES = YES;
				CLANG_WARN_SUSPICIOUS_MOVE = YES;
				CLANG_WARN_UNGUARDED_AVAILABILITY = YES_AGGRESSIVE;
				CLANG_WARN_UNREACHABLE_CODE = YES;
				CLANG_WARN__DUPLICATE_METHOD_MATCH = YES;
				COPY_PHASE_STRIP = NO;
				DEBUG_INFORMATION_FORMAT = "dwarf-with-dsym";
				ENABLE_NS_ASSERTIONS = NO;
				ENABLE_STRICT_OBJC_MSGSEND = YES;
				GCC_C_LANGUAGE_STANDARD = gnu11;
				GCC_NO_COMMON_BLOCKS = YES;
				GCC_WARN_64_TO_32_BIT_CONVERSION = YES;
				GCC_WARN_ABOUT_RETURN_TYPE = YES_ERROR;
				GCC_WARN_UNDECLARED_SELECTOR = YES;
				GCC_WARN_UNINITIALIZED_AUTOS = YES_AGGRESSIVE;
				GCC_WARN_UNUSED_FUNCTION = YES;
				GCC_WARN_UNUSED_VARIABLE = YES;
				IPHONEOS_DEPLOYMENT_TARGET = 16.0;
				MTL_ENABLE_DEBUG_INFO = NO;
				MTL_FAST_MATH = YES;
				SDKROOT = iphoneos;
				SWIFT_COMPILATION_MODE = wholemodule;
				SWIFT_OPTIMIZATION_LEVEL = "-O";
				VALIDATE_PRODUCT = YES;
			};
			name = Release;
		};
		BDA0AC5A28FB15AF000F4106 /* Debug */ = {
			isa = XCBuildConfiguration;
			buildSettings = {
				ASSETCATALOG_COMPILER_APPICON_NAME = AppIcon;
				ASSETCATALOG_COMPILER_GLOBAL_ACCENT_COLOR_NAME = AccentColor;
				CODE_SIGN_STYLE = Automatic;
				CURRENT_PROJECT_VERSION = 1;
				DEVELOPMENT_ASSET_PATHS = "\"Scrumdinger/Preview Content\"";
				DEVELOPMENT_TEAM = LL863NAQHT;
				ENABLE_PREVIEWS = YES;
				GENERATE_INFOPLIST_FILE = YES;
				INFOPLIST_KEY_UIApplicationSceneManifest_Generation = YES;
				INFOPLIST_KEY_UIApplicationSupportsIndirectInputEvents = YES;
				INFOPLIST_KEY_UILaunchScreen_Generation = YES;
				INFOPLIST_KEY_UISupportedInterfaceOrientations_iPad = "UIInterfaceOrientationPortrait UIInterfaceOrientationPortraitUpsideDown UIInterfaceOrientationLandscapeLeft UIInterfaceOrientationLandscapeRight";
				INFOPLIST_KEY_UISupportedInterfaceOrientations_iPhone = "UIInterfaceOrientationPortrait UIInterfaceOrientationLandscapeLeft UIInterfaceOrientationLandscapeRight";
				IPHONEOS_DEPLOYMENT_TARGET = 15.0;
				LD_RUNPATH_SEARCH_PATHS = (
					"$(inherited)",
					"@executable_path/Frameworks",
				);
				MARKETING_VERSION = 1.0;
				PRODUCT_BUNDLE_IDENTIFIER = com.sanghun.Scrumdinger;
				PRODUCT_NAME = "$(TARGET_NAME)";
				SWIFT_EMIT_LOC_STRINGS = YES;
				SWIFT_VERSION = 5.0;
				TARGETED_DEVICE_FAMILY = "1,2";
			};
			name = Debug;
		};
		BDA0AC5B28FB15AF000F4106 /* Release */ = {
			isa = XCBuildConfiguration;
			buildSettings = {
				ASSETCATALOG_COMPILER_APPICON_NAME = AppIcon;
				ASSETCATALOG_COMPILER_GLOBAL_ACCENT_COLOR_NAME = AccentColor;
				CODE_SIGN_STYLE = Automatic;
				CURRENT_PROJECT_VERSION = 1;
				DEVELOPMENT_ASSET_PATHS = "\"Scrumdinger/Preview Content\"";
				DEVELOPMENT_TEAM = LL863NAQHT;
				ENABLE_PREVIEWS = YES;
				GENERATE_INFOPLIST_FILE = YES;
				INFOPLIST_KEY_UIApplicationSceneManifest_Generation = YES;
				INFOPLIST_KEY_UIApplicationSupportsIndirectInputEvents = YES;
				INFOPLIST_KEY_UILaunchScreen_Generation = YES;
				INFOPLIST_KEY_UISupportedInterfaceOrientations_iPad = "UIInterfaceOrientationPortrait UIInterfaceOrientationPortraitUpsideDown UIInterfaceOrientationLandscapeLeft UIInterfaceOrientationLandscapeRight";
				INFOPLIST_KEY_UISupportedInterfaceOrientations_iPhone = "UIInterfaceOrientationPortrait UIInterfaceOrientationLandscapeLeft UIInterfaceOrientationLandscapeRight";
				IPHONEOS_DEPLOYMENT_TARGET = 15.0;
				LD_RUNPATH_SEARCH_PATHS = (
					"$(inherited)",
					"@executable_path/Frameworks",
				);
				MARKETING_VERSION = 1.0;
				PRODUCT_BUNDLE_IDENTIFIER = com.sanghun.Scrumdinger;
				PRODUCT_NAME = "$(TARGET_NAME)";
				SWIFT_EMIT_LOC_STRINGS = YES;
				SWIFT_VERSION = 5.0;
				TARGETED_DEVICE_FAMILY = "1,2";
			};
			name = Release;
		};
/* End XCBuildConfiguration section */

/* Begin XCConfigurationList section */
		BDA0AC4628FB15AB000F4106 /* Build configuration list for PBXProject "Scrumdinger" */ = {
			isa = XCConfigurationList;
			buildConfigurations = (
				BDA0AC5728FB15AF000F4106 /* Debug */,
				BDA0AC5828FB15AF000F4106 /* Release */,
			);
			defaultConfigurationIsVisible = 0;
			defaultConfigurationName = Release;
		};
		BDA0AC5928FB15AF000F4106 /* Build configuration list for PBXNativeTarget "Scrumdinger" */ = {
			isa = XCConfigurationList;
			buildConfigurations = (
				BDA0AC5A28FB15AF000F4106 /* Debug */,
				BDA0AC5B28FB15AF000F4106 /* Release */,
			);
			defaultConfigurationIsVisible = 0;
			defaultConfigurationName = Release;
		};
/* End XCConfigurationList section */
	};
	rootObject = BDA0AC4328FB15AB000F4106 /* Project object */;
}
